
Microsoft Visual Studio Solution File, Format Version 12.00
# Visual Studio Version 17
VisualStudioVersion = 17.6.33815.320
MinimumVisualStudioVersion = 10.0.40219.1
Project("{2150E333-8FDC-42A3-9474-1A3956D46DE8}") = "src", "src", "{4D72236F-C7DB-4593-AEA4-9779A8338B16}"
EndProject
Project("{2150E333-8FDC-42A3-9474-1A3956D46DE8}") = "test", "test", "{7DAF395C-4947-4157-BEBB-604DE98DC7F9}"
EndProject
Project("{2150E333-8FDC-42A3-9474-1A3956D46DE8}") = "API", "API", "{B53E933F-57C7-4A4B-AF1B-5834EE06FF51}"
EndProject
Project("{2150E333-8FDC-42A3-9474-1A3956D46DE8}") = "Core", "Core", "{81C27759-29E9-4723-BD15-AA22D9E770D8}"
EndProject
Project("{2150E333-8FDC-42A3-9474-1A3956D46DE8}") = "Infrastructure", "Infrastructure", "{669189EE-2630-4255-AF59-C8D0E611C4D3}"
EndProject
Project("{2150E333-8FDC-42A3-9474-1A3956D46DE8}") = "UI", "UI", "{B19892A7-74D0-405A-9476-0DEB1005B785}"
EndProject
Project("{9A19103F-16F7-4668-BE54-9A1E7A4F7556}") = "HR_Management.Domain", "HR_Management.Domain\HR_Management.Domain.csproj", "{37C3A981-D24A-4FF2-9D46-9256951F18A9}"
EndProject
Project("{9A19103F-16F7-4668-BE54-9A1E7A4F7556}") = "HR_Management.Application", "HR_Management.Application\HR_Management.Application.csproj", "{BB1BD398-10C6-414D-88DD-21D4704CCC71}"
EndProject
Project("{9A19103F-16F7-4668-BE54-9A1E7A4F7556}") = "HR_Management.Infrastructure", "HR_Management.Infrstructure\HR_Management.Infrastructure.csproj", "{D63B9E02-3DFA-4868-9BDF-F3486575C0F4}"
EndProject
Project("{9A19103F-16F7-4668-BE54-9A1E7A4F7556}") = "HR_Management.Persistence", "HR_Management.Persistenc\HR_Management.Persistence.csproj", "{3D1549FA-E8D7-436B-9709-521F6311A34A}"
EndProject
Project("{9A19103F-16F7-4668-BE54-9A1E7A4F7556}") = "HR_Management.API", "HR_Management.API\HR_Management.API.csproj", "{6D71C1BD-DC53-4845-A987-F3FF11CAEFA7}"
EndProject
Project("{9A19103F-16F7-4668-BE54-9A1E7A4F7556}") = "HR_Management.ApplicationUnitTests", "HR_Management.ApplicationUnitTests\HR_Management.ApplicationUnitTests.csproj", "{D4BA0697-43A4-472A-A0DA-E6306BA75D39}"
EndProject
Project("{FAE04EC0-301F-11D3-BF4B-00C04F79EFBC}") = "HR_Management.MVC", "HR_Management.MVC\HR_Management.MVC.csproj", "{FEB0BF34-6328-44BA-861F-83FE217F3C88}"
EndProject
Global
	GlobalSection(SolutionConfigurationPlatforms) = preSolution
		Debug|Any CPU = Debug|Any CPU
		Release|Any CPU = Release|Any CPU
	EndGlobalSection
	GlobalSection(ProjectConfigurationPlatforms) = postSolution
		{37C3A981-D24A-4FF2-9D46-9256951F18A9}.Debug|Any CPU.ActiveCfg = Debug|Any CPU
		{37C3A981-D24A-4FF2-9D46-9256951F18A9}.Debug|Any CPU.Build.0 = Debug|Any CPU
		{37C3A981-D24A-4FF2-9D46-9256951F18A9}.Release|Any CPU.ActiveCfg = Release|Any CPU
		{37C3A981-D24A-4FF2-9D46-9256951F18A9}.Release|Any CPU.Build.0 = Release|Any CPU
		{BB1BD398-10C6-414D-88DD-21D4704CCC71}.Debug|Any CPU.ActiveCfg = Debug|Any CPU
		{BB1BD398-10C6-414D-88DD-21D4704CCC71}.Debug|Any CPU.Build.0 = Debug|Any CPU
		{BB1BD398-10C6-414D-88DD-21D4704CCC71}.Release|Any CPU.ActiveCfg = Release|Any CPU
		{BB1BD398-10C6-414D-88DD-21D4704CCC71}.Release|Any CPU.Build.0 = Release|Any CPU
		{D63B9E02-3DFA-4868-9BDF-F3486575C0F4}.Debug|Any CPU.ActiveCfg = Debug|Any CPU
		{D63B9E02-3DFA-4868-9BDF-F3486575C0F4}.Debug|Any CPU.Build.0 = Debug|Any CPU
		{D63B9E02-3DFA-4868-9BDF-F3486575C0F4}.Release|Any CPU.ActiveCfg = Release|Any CPU
		{D63B9E02-3DFA-4868-9BDF-F3486575C0F4}.Release|Any CPU.Build.0 = Release|Any CPU
		{3D1549FA-E8D7-436B-9709-521F6311A34A}.Debug|Any CPU.ActiveCfg = Debug|Any CPU
		{3D1549FA-E8D7-436B-9709-521F6311A34A}.Debug|Any CPU.Build.0 = Debug|Any CPU
		{3D1549FA-E8D7-436B-9709-521F6311A34A}.Release|Any CPU.ActiveCfg = Release|Any CPU
		{3D1549FA-E8D7-436B-9709-521F6311A34A}.Release|Any CPU.Build.0 = Release|Any CPU
		{6D71C1BD-DC53-4845-A987-F3FF11CAEFA7}.Debug|Any CPU.ActiveCfg = Debug|Any CPU
		{6D71C1BD-DC53-4845-A987-F3FF11CAEFA7}.Debug|Any CPU.Build.0 = Debug|Any CPU
		{6D71C1BD-DC53-4845-A987-F3FF11CAEFA7}.Release|Any CPU.ActiveCfg = Release|Any CPU
		{6D71C1BD-DC53-4845-A987-F3FF11CAEFA7}.Release|Any CPU.Build.0 = Release|Any CPU
		{D4BA0697-43A4-472A-A0DA-E6306BA75D39}.Debug|Any CPU.ActiveCfg = Debug|Any CPU
		{D4BA0697-43A4-472A-A0DA-E6306BA75D39}.Debug|Any CPU.Build.0 = Debug|Any CPU
		{D4BA0697-43A4-472A-A0DA-E6306BA75D39}.Release|Any CPU.ActiveCfg = Release|Any CPU
		{D4BA0697-43A4-472A-A0DA-E6306BA75D39}.Release|Any CPU.Build.0 = Release|Any CPU
		{FEB0BF34-6328-44BA-861F-83FE217F3C88}.Debug|Any CPU.ActiveCfg = Debug|Any CPU
		{FEB0BF34-6328-44BA-861F-83FE217F3C88}.Debug|Any CPU.Build.0 = Debug|Any CPU
		{FEB0BF34-6328-44BA-861F-83FE217F3C88}.Release|Any CPU.ActiveCfg = Release|Any CPU
		{FEB0BF34-6328-44BA-861F-83FE217F3C88}.Release|Any CPU.Build.0 = Release|Any CPU
	EndGlobalSection
	GlobalSection(SolutionProperties) = preSolution
		HideSolutionNode = FALSE
	EndGlobalSection
	GlobalSection(NestedProjects) = preSolution
		{B53E933F-57C7-4A4B-AF1B-5834EE06FF51} = {4D72236F-C7DB-4593-AEA4-9779A8338B16}
		{81C27759-29E9-4723-BD15-AA22D9E770D8} = {4D72236F-C7DB-4593-AEA4-9779A8338B16}
		{669189EE-2630-4255-AF59-C8D0E611C4D3} = {4D72236F-C7DB-4593-AEA4-9779A8338B16}
		{B19892A7-74D0-405A-9476-0DEB1005B785} = {4D72236F-C7DB-4593-AEA4-9779A8338B16}
		{37C3A981-D24A-4FF2-9D46-9256951F18A9} = {81C27759-29E9-4723-BD15-AA22D9E770D8}
		{BB1BD398-10C6-414D-88DD-21D4704CCC71} = {81C27759-29E9-4723-BD15-AA22D9E770D8}
		{D63B9E02-3DFA-4868-9BDF-F3486575C0F4} = {669189EE-2630-4255-AF59-C8D0E611C4D3}
		{3D1549FA-E8D7-436B-9709-521F6311A34A} = {669189EE-2630-4255-AF59-C8D0E611C4D3}
		{6D71C1BD-DC53-4845-A987-F3FF11CAEFA7} = {B53E933F-57C7-4A4B-AF1B-5834EE06FF51}
		{D4BA0697-43A4-472A-A0DA-E6306BA75D39} = {7DAF395C-4947-4157-BEBB-604DE98DC7F9}
		{FEB0BF34-6328-44BA-861F-83FE217F3C88} = {B19892A7-74D0-405A-9476-0DEB1005B785}
	EndGlobalSection
	GlobalSection(ExtensibilityGlobals) = postSolution
		SolutionGuid = {8340795D-8497-4673-8112-AA86D7759774}
	EndGlobalSection
EndGlobal
